
Microsoft Visual Studio Solution File, Format Version 12.00
# Visual Studio Version 17
VisualStudioVersion = 17.4.33213.308
MinimumVisualStudioVersion = 10.0.40219.1
Project("{FAE04EC0-301F-11D3-BF4B-00C04F79EFBC}") = "ServerSide", "ServerSide\ServerSide.csproj", "{9C878873-90FB-4CB3-A4B6-9C6C18859917}"
EndProject
Project("{FAE04EC0-301F-11D3-BF4B-00C04F79EFBC}") = "ClientSide", "ClientSide\ClientSide.csproj", "{9E9C7C51-9342-4125-A492-1F8E2F01BDC1}"
EndProject
Project("{FAE04EC0-301F-11D3-BF4B-00C04F79EFBC}") = "MessageLib", "MessageLib\MessageLib.csproj", "{965373C0-B67C-4A63-BCEE-3A29A6024D49}"
EndProject
Global
	GlobalSection(SolutionConfigurationPlatforms) = preSolution
		Debug|Any CPU = Debug|Any CPU
		Release|Any CPU = Release|Any CPU
	EndGlobalSection
	GlobalSection(ProjectConfigurationPlatforms) = postSolution
		{9C878873-90FB-4CB3-A4B6-9C6C18859917}.Debug|Any CPU.ActiveCfg = Debug|Any CPU
		{9C878873-90FB-4CB3-A4B6-9C6C18859917}.Debug|Any CPU.Build.0 = Debug|Any CPU
		{9C878873-90FB-4CB3-A4B6-9C6C18859917}.Release|Any CPU.ActiveCfg = Release|Any CPU
		{9C878873-90FB-4CB3-A4B6-9C6C18859917}.Release|Any CPU.Build.0 = Release|Any CPU
		{9E9C7C51-9342-4125-A492-1F8E2F01BDC1}.Debug|Any CPU.ActiveCfg = Debug|Any CPU
		{9E9C7C51-9342-4125-A492-1F8E2F01BDC1}.Debug|Any CPU.Build.0 = Debug|Any CPU
		{9E9C7C51-9342-4125-A492-1F8E2F01BDC1}.Release|Any CPU.ActiveCfg = Release|Any CPU
		{9E9C7C51-9342-4125-A492-1F8E2F01BDC1}.Release|Any CPU.Build.0 = Release|Any CPU
		{965373C0-B67C-4A63-BCEE-3A29A6024D49}.Debug|Any CPU.ActiveCfg = Debug|Any CPU
		{965373C0-B67C-4A63-BCEE-3A29A6024D49}.Debug|Any CPU.Build.0 = Debug|Any CPU
		{965373C0-B67C-4A63-BCEE-3A29A6024D49}.Release|Any CPU.ActiveCfg = Release|Any CPU
		{965373C0-B67C-4A63-BCEE-3A29A6024D49}.Release|Any CPU.Build.0 = Release|Any CPU
	EndGlobalSection
	GlobalSection(SolutionProperties) = preSolution
		HideSolutionNode = FALSE
	EndGlobalSection
	GlobalSection(ExtensibilityGlobals) = postSolution
		SolutionGuid = {8B153F5F-E8D9-4C3F-A1EC-87FE3C22E93D}
	EndGlobalSection
EndGlobal
